# Frozen builtin/intrinsic symbol set declared in:
#   src/vox/typecheck/collect.vox
#
# Policy:
# - Do not add/remove entries casually.
# - Any intentional change requires explicit language design review + rationale.

@align_of
@assignable_to
@bitcastable
@castable_to
@eq_comparable_with
@field_count
@field_name
@field_type
@field_type_id
@is_bool
@is_enum
@is_eq_comparable
@is_float
@is_integer
@is_numeric
@is_ordered
@is_range
@is_signed_int
@is_string
@is_struct
@is_unit
@is_unsigned_int
@is_vec
@is_zero_sized
@ordered_with
@same_type
@size_of
@target_arch
@target_os
@target_ptr_bits
@type
@type_name
__args
__atomic_i32_drop
__atomic_i32_fetch_add
__atomic_i32_load
__atomic_i32_new
__atomic_i32_store
__atomic_i32_swap
__atomic_i64_drop
__atomic_i64_fetch_add
__atomic_i64_load
__atomic_i64_new
__atomic_i64_store
__atomic_i64_swap
__exe_path
__exec
__getenv
__mkdir_p
__mutex_i32_drop
__mutex_i32_load
__mutex_i32_new
__mutex_i32_store
__mutex_i64_drop
__mutex_i64_load
__mutex_i64_new
__mutex_i64_store
__now_ns
__path_exists
__read_file
__tcp_close
__tcp_connect
__tcp_recv
__tcp_send
__tcp_wait_read
__tcp_wait_write
__wake_notify
__wake_wait
__wake_wait_any
__walk_vox_files
__write_file
__yield_now
panic
print
