# Frozen builtin/intrinsic symbol set declared in:
#   src/vox/typecheck/collect.vox
#
# Policy:
# - Do not add/remove entries casually.
# - Any intentional change requires explicit language design review + rationale.

@align_of
@assignable_to
@bitcastable
@castable_to
@eq_comparable_with
@field_count
@field_name
@field_type
@field_type_id
@is_bool
@is_enum
@is_eq_comparable
@is_float
@is_integer
@is_numeric
@is_ordered
@is_range
@is_signed_int
@is_string
@is_struct
@is_unit
@is_unsigned_int
@is_vec
@is_zero_sized
@ordered_with
@same_type
@size_of
@target_arch
@target_os
@target_ptr_bits
@type
@type_name
__args
__wake_wait_any
__walk_vox_files
panic
print
